
Microsoft Visual Studio Solution File, Format Version 12.00
# Visual Studio Version 17
VisualStudioVersion = 17.12.35521.163 d17.12
MinimumVisualStudioVersion = 10.0.40219.1
Project("{FAE04EC0-301F-11D3-BF4B-00C04F79EFBC}") = "Avia", "Avia.csproj", "{AEDB7C66-7652-409C-A17D-FB159EC62336}"
EndProject
Global
	GlobalSection(SolutionConfigurationPlatforms) = preSolution
		Debug|Any CPU = Debug|Any CPU
		Release|Any CPU = Release|Any CPU
	EndGlobalSection
	GlobalSection(ProjectConfigurationPlatforms) = postSolution
		{AEDB7C66-7652-409C-A17D-FB159EC62336}.Debug|Any CPU.ActiveCfg = Debug|Any CPU
		{AEDB7C66-7652-409C-A17D-FB159EC62336}.Debug|Any CPU.Build.0 = Debug|Any CPU
		{AEDB7C66-7652-409C-A17D-FB159EC62336}.Release|Any CPU.ActiveCfg = Release|Any CPU
		{AEDB7C66-7652-409C-A17D-FB159EC62336}.Release|Any CPU.Build.0 = Release|Any CPU
	EndGlobalSection
	GlobalSection(SolutionProperties) = preSolution
		HideSolutionNode = FALSE
	EndGlobalSection
EndGlobal
